<?xml version="1.0" encoding="utf-8"?>
<Project ToolsVersion="4.0" xmlns="http://schemas.microsoft.com/developer/msbuild/2003">
  <ItemGroup>
    <Filter Include="Source Files">
      <UniqueIdentifier>{4FC737F1-C7A5-4376-A066-2A32D752A2FF}</UniqueIdentifier>
      <Extensions>cpp;c;cc;cxx;c++;cppm;ixx;def;odl;idl;hpj;bat;asm;asmx</Extensions>
    </Filter>
    <Filter Include="Header Files">
      <UniqueIdentifier>{93995380-89BD-4b04-88EB-625FBE52EBFB}</UniqueIdentifier>
      <Extensions>h;hh;hpp;hxx;h++;hm;inl;inc;ipp;xsd</Extensions>
    </Filter>
    <Filter Include="Resource Files">
      <UniqueIdentifier>{67DA6AB6-F800-4c08-8B7A-83BB121AAD01}</UniqueIdentifier>
      <Extensions>rc;ico;cur;bmp;dlg;rc2;rct;bin;rgs;gif;jpg;jpeg;jpe;resx;tiff;tif;png;wav;mfcribbon-ms</Extensions>
    </Filter>
  </ItemGroup>
  <ItemGroup>
    <ClCompile Include="Engine\main.cpp">
      <Filter>Source Files</Filter>
    </ClCompile>
    <ClCompile Include="Engine\Animation.cpp">
      <Filter>Source Files</Filter>
    </ClCompile>
    <ClCompile Include="Engine\Assets.cpp">
      <Filter>Source Files</Filter>
    </ClCompile>
    <ClCompile Include="Engine\Entity.cpp">
      <Filter>Source Files</Filter>
    </ClCompile>
    <ClCompile Include="Engine\EntityManager.cpp">
      <Filter>Source Files</Filter>
    </ClCompile>
    <ClCompile Include="Engine\GameEngine.cpp">
      <Filter>Source Files</Filter>
    </ClCompile>
    <ClCompile Include="Engine\GameState.cpp">
      <Filter>Source Files</Filter>
    </ClCompile>
    <ClCompile Include="Engine\GameState_Menu.cpp">
      <Filter>Source Files</Filter>
    </ClCompile>
    <ClCompile Include="Engine\GameState_Play.cpp">
      <Filter>Source Files</Filter>
    </ClCompile>
    <ClCompile Include="Engine\Physics.cpp">
      <Filter>Source Files</Filter>
    </ClCompile>
    <ClCompile Include="Engine\Vec2.cpp">
      <Filter>Source Files</Filter>
    </ClCompile>
  </ItemGroup>
  <ItemGroup>
    <ClInclude Include="Engine\Animation.h">
      <Filter>Header Files</Filter>
    </ClInclude>
    <ClInclude Include="Engine\Assets.h">
      <Filter>Header Files</Filter>
    </ClInclude>
    <ClInclude Include="Engine\Common.h">
      <Filter>Header Files</Filter>
    </ClInclude>
    <ClInclude Include="Engine\Components.h">
      <Filter>Header Files</Filter>
    </ClInclude>
    <ClInclude Include="Engine\Entity.h">
      <Filter>Header Files</Filter>
    </ClInclude>
    <ClInclude Include="Engine\EntityManager.h">
      <Filter>Header Files</Filter>
    </ClInclude>
    <ClInclude Include="Engine\GameEngine.h">
      <Filter>Header Files</Filter>
    </ClInclude>
    <ClInclude Include="Engine\GameState.h">
      <Filter>Header Files</Filter>
    </ClInclude>
    <ClInclude Include="Engine\GameState_Menu.h">
      <Filter>Header Files</Filter>
    </ClInclude>
    <ClInclude Include="Engine\GameState_Play.h">
      <Filter>Header Files</Filter>
    </ClInclude>
    <ClInclude Include="Engine\Physics.h">
      <Filter>Header Files</Filter>
    </ClInclude>
    <ClInclude Include="Engine\Vec2.h">
      <Filter>Header Files</Filter>
    </ClInclude>
  </ItemGroup>
  <ItemGroup>
    <Text Include="assets.txt" />
    <Text Include="level1.txt" />
    <Text Include="level2.txt" />
    <Text Include="level3.txt" />
  </ItemGroup>
  <ItemGroup>
    <Font Include="fonts\arial.ttf" />
    <Font Include="fonts\mario.ttf" />
    <Font Include="fonts\megaman.ttf" />
  </ItemGroup>
  <ItemGroup>
    <Image Include="images\misc\explosion128.png">
      <Filter>Resource Files</Filter>
    </Image>
    <Image Include="images\tloz\attack_down.png">
      <Filter>Resource Files</Filter>
    </Image>
    <Image Include="images\tloz\attack_right.png">
      <Filter>Resource Files</Filter>
    </Image>
    <Image Include="images\tloz\attack_up.png">
      <Filter>Resource Files</Filter>
    </Image>
    <Image Include="images\tloz\get1.png">
      <Filter>Resource Files</Filter>
    </Image>
    <Image Include="images\tloz\get2.png">
      <Filter>Resource Files</Filter>
    </Image>
    <Image Include="images\tloz\item_arrow_right.png">
      <Filter>Resource Files</Filter>
    </Image>
    <Image Include="images\tloz\item_bomb.png">
      <Filter>Resource Files</Filter>
    </Image>
    <Image Include="images\tloz\item_bow.png">
      <Filter>Resource Files</Filter>
    </Image>
    <Image Include="images\tloz\item_clock.png">
      <Filter>Resource Files</Filter>
    </Image>
    <Image Include="images\tloz\item_compass.png">
      <Filter>Resource Files</Filter>
    </Image>
    <Image Include="images\tloz\item_heart.png">
      <Filter>Resource Files</Filter>
    </Image>
    <Image Include="images\tloz\item_meat.png">
      <Filter>Resource Files</Filter>
    </Image>
    <Image Include="images\tloz\item_potion.png">
      <Filter>Resource Files</Filter>
    </Image>
    <Image Include="images\tloz\item_rupee.png">
      <Filter>Resource Files</Filter>
    </Image>
    <Image Include="images\tloz\item_rupee_blue.png">
      <Filter>Resource Files</Filter>
    </Image>
    <Image Include="images\tloz\item_sword_right.png">
      <Filter>Resource Files</Filter>
    </Image>
    <Image Include="images\tloz\item_sword_up.png">
      <Filter>Resource Files</Filter>
    </Image>
    <Image Include="images\tloz\item_triforce.png">
      <Filter>Resource Files</Filter>
    </Image>
    <Image Include="images\tloz\knight.png">
      <Filter>Resource Files</Filter>
    </Image>
    <Image Include="images\tloz\octorok_right.png">
      <Filter>Resource Files</Filter>
    </Image>
    <Image Include="images\tloz\octorok_up.png">
      <Filter>Resource Files</Filter>
    </Image>
    <Image Include="images\tloz\run_down.png">
      <Filter>Resource Files</Filter>
    </Image>
    <Image Include="images\tloz\run_right.png">
      <Filter>Resource Files</Filter>
    </Image>
    <Image Include="images\tloz\run_up.png">
      <Filter>Resource Files</Filter>
    </Image>
    <Image Include="images\tloz\stand_down.png">
      <Filter>Resource Files</Filter>
    </Image>
    <Image Include="images\tloz\stand_right.png">
      <Filter>Resource Files</Filter>
    </Image>
    <Image Include="images\tloz\stand_up.png">
      <Filter>Resource Files</Filter>
    </Image>
    <Image Include="images\tloz\status_heart.png">
      <Filter>Resource Files</Filter>
    </Image>
    <Image Include="images\tloz\tektite.png">
      <Filter>Resource Files</Filter>
    </Image>
    <Image Include="images\tloz\tile_black.png">
      <Filter>Resource Files</Filter>
    </Image>
    <Image Include="images\tloz\tile_water_ml.png">
      <Filter>Resource Files</Filter>
    </Image>
    <Image Include="images\tloz\tile_water_mm.png">
      <Filter>Resource Files</Filter>
    </Image>
    <Image Include="images\tloz\tile_water_mr.png">
      <Filter>Resource Files</Filter>
    </Image>
    <Image Include="images\tloz\tile_water_tl.png">
      <Filter>Resource Files</Filter>
    </Image>
    <Image Include="images\tloz\tile_water_tm.png">
      <Filter>Resource Files</Filter>
    </Image>
    <Image Include="images\tloz\tile_water_tr.png">
      <Filter>Resource Files</Filter>
    </Image>
    <Image Include="images\tloz\waves_right.png">
      <Filter>Resource Files</Filter>
    </Image>
    <Image Include="images\tloz\waves_up.png">
      <Filter>Resource Files</Filter>
    </Image>
    <Image Include="images\tloz\brown\tile_bridge.png">
      <Filter>Resource Files</Filter>
    </Image>
    <Image Include="images\tloz\brown\tile_bush.png">
      <Filter>Resource Files</Filter>
    </Image>
    <Image Include="images\tloz\brown\tile_ground.png">
      <Filter>Resource Files</Filter>
    </Image>
    <Image Include="images\tloz\brown\tile_knight.png">
      <Filter>Resource Files</Filter>
    </Image>
    <Image Include="images\tloz\brown\tile_ladder.png">
      <Filter>Resource Files</Filter>
    </Image>
    <Image Include="images\tloz\brown\tile_rock_bl.png">
      <Filter>Resource Files</Filter>
    </Image>
    <Image Include="images\tloz\brown\tile_rock_bm.png">
      <Filter>Resource Files</Filter>
    </Image>
    <Image Include="images\tloz\brown\tile_rock_br.png">
      <Filter>Resource Files</Filter>
    </Image>
    <Image Include="images\tloz\brown\tile_rock_tl.png">
      <Filter>Resource Files</Filter>
    </Image>
    <Image Include="images\tloz\brown\tile_rock_tm.png">
      <Filter>Resource Files</Filter>
    </Image>
    <Image Include="images\tloz\brown\tile_rock_tr.png">
      <Filter>Resource Files</Filter>
    </Image>
    <Image Include="images\tloz\brown\tile_sand_bl.png">
      <Filter>Resource Files</Filter>
    </Image>
    <Image Include="images\tloz\brown\tile_sand_bm.png">
      <Filter>Resource Files</Filter>
    </Image>
    <Image Include="images\tloz\brown\tile_sand_br.png">
      <Filter>Resource Files</Filter>
    </Image>
    <Image Include="images\tloz\brown\tile_sand_ml.png">
      <Filter>Resource Files</Filter>
    </Image>
    <Image Include="images\tloz\brown\tile_sand_mm.png">
      <Filter>Resource Files</Filter>
    </Image>
    <Image Include="images\tloz\brown\tile_sand_mr.png">
      <Filter>Resource Files</Filter>
    </Image>
    <Image Include="images\tloz\brown\tile_sand_tl.png">
      <Filter>Resource Files</Filter>
    </Image>
    <Image Include="images\tloz\brown\tile_sand_tm.png">
      <Filter>Resource Files</Filter>
    </Image>
    <Image Include="images\tloz\brown\tile_sand_tr.png">
      <Filter>Resource Files</Filter>
    </Image>
    <Image Include="images\tloz\brown\tile_snail.png">
      <Filter>Resource Files</Filter>
    </Image>
    <Image Include="images\tloz\brown\tile_stairs.png">
      <Filter>Resource Files</Filter>
    </Image>
    <Image Include="images\tloz\brown\tile_temple_bl.png">
      <Filter>Resource Files</Filter>
    </Image>
    <Image Include="images\tloz\brown\tile_temple_br.png">
      <Filter>Resource Files</Filter>
    </Image>
    <Image Include="images\tloz\brown\tile_temple_tl.png">
      <Filter>Resource Files</Filter>
    </Image>
    <Image Include="images\tloz\brown\tile_temple_tm.png">
      <Filter>Resource Files</Filter>
    </Image>
    <Image Include="images\tloz\brown\tile_templr_tr.png">
      <Filter>Resource Files</Filter>
    </Image>
    <Image Include="images\tloz\brown\tile_tree_bl.png">
      <Filter>Resource Files</Filter>
    </Image>
    <Image Include="images\tloz\brown\tile_tree_br.png">
      <Filter>Resource Files</Filter>
    </Image>
    <Image Include="images\tloz\brown\tile_tree_tl.png">
      <Filter>Resource Files</Filter>
    </Image>
    <Image Include="images\tloz\brown\tile_tree_tm.png">
      <Filter>Resource Files</Filter>
    </Image>
    <Image Include="images\tloz\brown\tile_tree_tr.png">
      <Filter>Resource Files</Filter>
    </Image>
    <Image Include="images\tloz\brown\tile_water_bl.png">
      <Filter>Resource Files</Filter>
    </Image>
    <Image Include="images\tloz\brown\tile_water_bm.png">
      <Filter>Resource Files</Filter>
    </Image>
    <Image Include="images\tloz\brown\tile_water_br.png">
      <Filter>Resource Files</Filter>
    </Image>
    <Image Include="images\tloz\green\tile_bush.png">
      <Filter>Resource Files</Filter>
    </Image>
    <Image Include="images\tloz\green\tile_coast_bl.png">
      <Filter>Resource Files</Filter>
    </Image>
    <Image Include="images\tloz\green\tile_coast_br.png">
      <Filter>Resource Files</Filter>
    </Image>
    <Image Include="images\tloz\green\tile_coast_tl.png">
      <Filter>Resource Files</Filter>
    </Image>
    <Image Include="images\tloz\green\tile_coast_tr.png">
      <Filter>Resource Files</Filter>
    </Image>
    <Image Include="images\tloz\green\tile_knight.png">
      <Filter>Resource Files</Filter>
    </Image>
    <Image Include="images\tloz\green\tile_ladder.png">
      <Filter>Resource Files</Filter>
    </Image>
    <Image Include="images\tloz\green\tile_raft.png">
      <Filter>Resource Files</Filter>
    </Image>
    <Image Include="images\tloz\green\tile_rock_bl.png">
      <Filter>Resource Files</Filter>
    </Image>
    <Image Include="images\tloz\green\tile_rock_bm.png">
      <Filter>Resource Files</Filter>
    </Image>
    <Image Include="images\tloz\green\tile_rock_br.png">
      <Filter>Resource Files</Filter>
    </Image>
    <Image Include="images\tloz\green\tile_rock_tl.png">
      <Filter>Resource Files</Filter>
    </Image>
    <Image Include="images\tloz\green\tile_rock_tm.png">
      <Filter>Resource Files</Filter>
    </Image>
    <Image Include="images\tloz\green\tile_rock_tr.png">
      <Filter>Resource Files</Filter>
    </Image>
    <Image Include="images\tloz\green\tile_sand.png">
      <Filter>Resource Files</Filter>
    </Image>
    <Image Include="images\tloz\green\tile_sand_bl.png">
      <Filter>Resource Files</Filter>
    </Image>
    <Image Include="images\tloz\green\tile_sand_bm.png">
      <Filter>Resource Files</Filter>
    </Image>
    <Image Include="images\tloz\green\tile_sand_br.png">
      <Filter>Resource Files</Filter>
    </Image>
    <Image Include="images\tloz\green\tile_sand_ml.png">
      <Filter>Resource Files</Filter>
    </Image>
    <Image Include="images\tloz\green\tile_sand_mm.png">
      <Filter>Resource Files</Filter>
    </Image>
    <Image Include="images\tloz\green\tile_sand_mr.png">
      <Filter>Resource Files</Filter>
    </Image>
    <Image Include="images\tloz\green\tile_sand_tl.png">
      <Filter>Resource Files</Filter>
    </Image>
    <Image Include="images\tloz\green\tile_sand_tm.png">
      <Filter>Resource Files</Filter>
    </Image>
    <Image Include="images\tloz\green\tile_sand_tr.png">
      <Filter>Resource Files</Filter>
    </Image>
    <Image Include="images\tloz\green\tile_snail.png">
      <Filter>Resource Files</Filter>
    </Image>
    <Image Include="images\tloz\green\tile_stairs.png">
      <Filter>Resource Files</Filter>
    </Image>
    <Image Include="images\tloz\green\tile_temple_bl.png">
      <Filter>Resource Files</Filter>
    </Image>
    <Image Include="images\tloz\green\tile_temple_br.png">
      <Filter>Resource Files</Filter>
    </Image>
    <Image Include="images\tloz\green\tile_temple_tl.png">
      <Filter>Resource Files</Filter>
    </Image>
    <Image Include="images\tloz\green\tile_temple_tm.png">
      <Filter>Resource Files</Filter>
    </Image>
    <Image Include="images\tloz\green\tile_temple_tr.png">
      <Filter>Resource Files</Filter>
    </Image>
    <Image Include="images\tloz\green\tile_tree_bl.png">
      <Filter>Resource Files</Filter>
    </Image>
    <Image Include="images\tloz\green\tile_tree_br.png">
      <Filter>Resource Files</Filter>
    </Image>
    <Image Include="images\tloz\green\tile_tree_tl.png">
      <Filter>Resource Files</Filter>
    </Image>
    <Image Include="images\tloz\green\tile_tree_tm.png">
      <Filter>Resource Files</Filter>
    </Image>
    <Image Include="images\tloz\green\tile_tree_tr.png">
      <Filter>Resource Files</Filter>
    </Image>
    <Image Include="images\tloz\green\tile_water_bl.png">
      <Filter>Resource Files</Filter>
    </Image>
    <Image Include="images\tloz\green\tile_water_bm.png">
      <Filter>Resource Files</Filter>
    </Image>
    <Image Include="images\tloz\green\tile_water_br.png">
      <Filter>Resource Files</Filter>
    </Image>
    <Image Include="images\tloz\green\tile_water_ml.png">
      <Filter>Resource Files</Filter>
    </Image>
    <Image Include="images\tloz\green\tile_water_mm.png">
      <Filter>Resource Files</Filter>
    </Image>
    <Image Include="images\tloz\green\tile_water_mr.png">
      <Filter>Resource Files</Filter>
    </Image>
    <Image Include="images\tloz\green\tile_water_tl.png">
      <Filter>Resource Files</Filter>
    </Image>
    <Image Include="images\tloz\green\tile_water_tm.png">
      <Filter>Resource Files</Filter>
    </Image>
    <Image Include="images\tloz\green\tile_water_tr.png">
      <Filter>Resource Files</Filter>
    </Image>
  </ItemGroup>
</Project>